{
  "name": "Arras.io",
  "version": "1.5.0",
  "lockfileVersion": 1,
  "requires": true,
  "dependencies": {
    "google-closure-library": {
      "version": "20221004.0.0",
      "resolved": "https://registry.npmjs.org/google-closure-library/-/google-closure-library-20221004.0.0.tgz",
      "integrity": "sha512-Tr6hebedqpcmC1MBMfHjrbhs3rHEZb/GjpX6ZfGYEfcO5zr96cbCCGHGIXzeIgxfyvENay0HvmPo8Z8w+7sCXA=="
    },
    "ws": {
      "version": "8.10.0",
      "resolved": "https://registry.npmjs.org/ws/-/ws-8.10.0.tgz",
      "integrity": "sha512-+s49uSmZpvtAsd2h37vIPy1RBusaLawVe8of+GyEPsaJTCMpj/2v8NpeK1SHXjBlQ95lQTmQofOJnFiLoaN3yw=="
    }
  }
}
